
Microsoft Visual Studio Solution File, Format Version 12.00
# Visual Studio Version 16
VisualStudioVersion = 16.0.30907.101
MinimumVisualStudioVersion = 10.0.40219.1
Project("{FAE04EC0-301F-11D3-BF4B-00C04F79EFBC}") = "BinSerializable", "BinSerializable\BinSerializable.csproj", "{8559ABA6-4C2E-41EB-8773-69AD45846BC9}"
EndProject
Global
	GlobalSection(SolutionConfigurationPlatforms) = preSolution
		Debug|Any CPU = Debug|Any CPU
		Release|Any CPU = Release|Any CPU
	EndGlobalSection
	GlobalSection(ProjectConfigurationPlatforms) = postSolution
		{8559ABA6-4C2E-41EB-8773-69AD45846BC9}.Debug|Any CPU.ActiveCfg = Debug|Any CPU
		{8559ABA6-4C2E-41EB-8773-69AD45846BC9}.Debug|Any CPU.Build.0 = Debug|Any CPU
		{8559ABA6-4C2E-41EB-8773-69AD45846BC9}.Release|Any CPU.ActiveCfg = Release|Any CPU
		{8559ABA6-4C2E-41EB-8773-69AD45846BC9}.Release|Any CPU.Build.0 = Release|Any CPU
	EndGlobalSection
	GlobalSection(SolutionProperties) = preSolution
		HideSolutionNode = FALSE
	EndGlobalSection
	GlobalSection(ExtensibilityGlobals) = postSolution
		SolutionGuid = {D690A327-EF85-48CC-8C10-D645F1046CFC}
	EndGlobalSection
EndGlobal
